{
  "name": "TheNoReal",
  "lockfileVersion": 3,
  "requires": true,
  "packages": {
    "": {
      "dependencies": {
        "workbox-window": "^7.3.0"
      }
    },
    "node_modules/@types/trusted-types": {
      "version": "2.0.7",
      "resolved": "https://registry.npmjs.org/@types/trusted-types/-/trusted-types-2.0.7.tgz",
      "integrity": "sha512-ScaPdn1dQczgbl0QFTeTOmVHFULt394XJgOQNoyVhZ6r2vLnMLJfBPd53SB52T/3G36VI1/g2MZaX0cwDuXsfw==",
      "license": "MIT"
    },
    "node_modules/workbox-core": {
      "version": "7.3.0",
      "resolved": "https://registry.npmjs.org/workbox-core/-/workbox-core-7.3.0.tgz",
      "integrity": "sha512-Z+mYrErfh4t3zi7NVTvOuACB0A/jA3bgxUN3PwtAVHvfEsZxV9Iju580VEETug3zYJRc0Dmii/aixI/Uxj8fmw==",
      "license": "MIT"
    },
    "node_modules/workbox-window": {
      "version": "7.3.0",
      "resolved": "https://registry.npmjs.org/workbox-window/-/workbox-window-7.3.0.tgz",
      "integrity": "sha512-qW8PDy16OV1UBaUNGlTVcepzrlzyzNW/ZJvFQQs2j2TzGsg6IKjcpZC1RSquqQnTOafl5pCj5bGfAHlCjOOjdA==",
      "license": "MIT",
      "dependencies": {
        "@types/trusted-types": "^2.0.2",
        "workbox-core": "7.3.0"
      }
    }
  }
}
